// !$*UTF8*$!
{
	archiveVersion = 1;
	classes = {
	};
	objectVersion = 50;
	objects = {

/* Begin PBXBuildFile section */
		4CBD8E53250DC28D00425BE0 /* AppDelegate.m in Sources */ = {isa = PBXBuildFile; fileRef = 4CBD8E52250DC28D00425BE0 /* AppDelegate.m */; };
		4CBD8E56250DC28D00425BE0 /* SceneDelegate.m in Sources */ = {isa = PBXBuildFile; fileRef = 4CBD8E55250DC28D00425BE0 /* SceneDelegate.m */; };
		4CBD8E59250DC28D00425BE0 /* ViewController.m in Sources */ = {isa = PBXBuildFile; fileRef = 4CBD8E58250DC28D00425BE0 /* ViewController.m */; };
		4CBD8E5C250DC28D00425BE0 /* Main.storyboard in Resources */ = {isa = PBXBuildFile; fileRef = 4CBD8E5A250DC28D00425BE0 /* Main.storyboard */; };
		4CBD8E5E250DC29100425BE0 /* Assets.xcassets in Resources */ = {isa = PBXBuildFile; fileRef = 4CBD8E5D250DC29100425BE0 /* Assets.xcassets */; };
		4CBD8E61250DC29100425BE0 /* LaunchScreen.storyboard in Resources */ = {isa = PBXBuildFile; fileRef = 4CBD8E5F250DC29100425BE0 /* LaunchScreen.storyboard */; };
		4CBD8E64250DC29100425BE0 /* main.m in Sources */ = {isa = PBXBuildFile; fileRef = 4CBD8E63250DC29100425BE0 /* main.m */; };
		4CBD8E6E250DC36D00425BE0 /* shaderv.vsh in Resources */ = {isa = PBXBuildFile; fileRef = 4CBD8E6D250DC36D00425BE0 /* shaderv.vsh */; };
		4CBD8E70250DC37700425BE0 /* shaderf.fsh in Resources */ = {isa = PBXBuildFile; fileRef = 4CBD8E6F250DC37700425BE0 /* shaderf.fsh */; };
		4CBD8E73250DC47200425BE0 /* LearnView.m in Sources */ = {isa = PBXBuildFile; fileRef = 4CBD8E72250DC47200425BE0 /* LearnView.m */; };
/* End PBXBuildFile section */

/* Begin PBXFileReference section */
		4CBD8E4E250DC28D00425BE0 /* Tutorial02-shader.app */ = {isa = PBXFileReference; explicitFileType = wrapper.application; includeInIndex = 0; path = "Tutorial02-shader.app"; sourceTree = BUILT_PRODUCTS_DIR; };
		4CBD8E51250DC28D00425BE0 /* AppDelegate.h */ = {isa = PBXFileReference; lastKnownFileType = sourcecode.c.h; path = AppDelegate.h; sourceTree = "<group>"; };
		4CBD8E52250DC28D00425BE0 /* AppDelegate.m */ = {isa = PBXFileReference; lastKnownFileType = sourcecode.c.objc; path = AppDelegate.m; sourceTree = "<group>"; };
		4CBD8E54250DC28D00425BE0 /* SceneDelegate.h */ = {isa = PBXFileReference; lastKnownFileType = sourcecode.c.h; path = SceneDelegate.h; sourceTree = "<group>"; };
		4CBD8E55250DC28D00425BE0 /* SceneDelegate.m */ = {isa = PBXFileReference; lastKnownFileType = sourcecode.c.objc; path = SceneDelegate.m; sourceTree = "<group>"; };
		4CBD8E57250DC28D00425BE0 /* ViewController.h */ = {isa = PBXFileReference; lastKnownFileType = sourcecode.c.h; path = ViewController.h; sourceTree = "<group>"; };
		4CBD8E58250DC28D00425BE0 /* ViewController.m */ = {isa = PBXFileReference; lastKnownFileType = sourcecode.c.objc; path = ViewController.m; sourceTree = "<group>"; };
		4CBD8E5B250DC28D00425BE0 /* Base */ = {isa = PBXFileReference; lastKnownFileType = file.storyboard; name = Base; path = Base.lproj/Main.storyboard; sourceTree = "<group>"; };
		4CBD8E5D250DC29100425BE0 /* Assets.xcassets */ = {isa = PBXFileReference; lastKnownFileType = folder.assetcatalog; path = Assets.xcassets; sourceTree = "<group>"; };
		4CBD8E60250DC29100425BE0 /* Base */ = {isa = PBXFileReference; lastKnownFileType = file.storyboard; name = Base; path = Base.lproj/LaunchScreen.storyboard; sourceTree = "<group>"; };
		4CBD8E62250DC29100425BE0 /* Info.plist */ = {isa = PBXFileReference; lastKnownFileType = text.plist.xml; path = Info.plist; sourceTree = "<group>"; };
		4CBD8E63250DC29100425BE0 /* main.m */ = {isa = PBXFileReference; lastKnownFileType = sourcecode.c.objc; path = main.m; sourceTree = "<group>"; };
		4CBD8E6B250DC31800425BE0 /* GLKit.framework */ = {isa = PBXFileReference; lastKnownFileType = wrapper.framework; name = GLKit.framework; path = System/Library/Frameworks/GLKit.framework; sourceTree = SDKROOT; };
		4CBD8E6D250DC36D00425BE0 /* shaderv.vsh */ = {isa = PBXFileReference; lastKnownFileType = sourcecode.glsl; path = shaderv.vsh; sourceTree = "<group>"; };
		4CBD8E6F250DC37700425BE0 /* shaderf.fsh */ = {isa = PBXFileReference; lastKnownFileType = sourcecode.glsl; path = shaderf.fsh; sourceTree = "<group>"; };
		4CBD8E71250DC47200425BE0 /* LearnView.h */ = {isa = PBXFileReference; lastKnownFileType = sourcecode.c.h; path = LearnView.h; sourceTree = "<group>"; };
		4CBD8E72250DC47200425BE0 /* LearnView.m */ = {isa = PBXFileReference; lastKnownFileType = sourcecode.c.objc; path = LearnView.m; sourceTree = "<group>"; };
/* End PBXFileReference section */

/* Begin PBXFrameworksBuildPhase section */
		4CBD8E4B250DC28D00425BE0 /* Frameworks */ = {
			isa = PBXFrameworksBuildPhase;
			buildActionMask = 2147483647;
			files = (
			);
			runOnlyForDeploymentPostprocessing = 0;
		};
/* End PBXFrameworksBuildPhase section */

/* Begin PBXGroup section */
		4CBD8E45250DC28D00425BE0 = {
			isa = PBXGroup;
			children = (
				4CBD8E50250DC28D00425BE0 /* Tutorial02-shader */,
				4CBD8E4F250DC28D00425BE0 /* Products */,
				4CBD8E6A250DC31800425BE0 /* Frameworks */,
			);
			sourceTree = "<group>";
		};
		4CBD8E4F250DC28D00425BE0 /* Products */ = {
			isa = PBXGroup;
			children = (
				4CBD8E4E250DC28D00425BE0 /* Tutorial02-shader.app */,
			);
			name = Products;
			sourceTree = "<group>";
		};
		4CBD8E50250DC28D00425BE0 /* Tutorial02-shader */ = {
			isa = PBXGroup;
			children = (
				4CBD8E51250DC28D00425BE0 /* AppDelegate.h */,
				4CBD8E52250DC28D00425BE0 /* AppDelegate.m */,
				4CBD8E54250DC28D00425BE0 /* SceneDelegate.h */,
				4CBD8E55250DC28D00425BE0 /* SceneDelegate.m */,
				4CBD8E57250DC28D00425BE0 /* ViewController.h */,
				4CBD8E58250DC28D00425BE0 /* ViewController.m */,
				4CBD8E71250DC47200425BE0 /* LearnView.h */,
				4CBD8E72250DC47200425BE0 /* LearnView.m */,
				4CBD8E5A250DC28D00425BE0 /* Main.storyboard */,
				4CBD8E5D250DC29100425BE0 /* Assets.xcassets */,
				4CBD8E5F250DC29100425BE0 /* LaunchScreen.storyboard */,
				4CBD8E62250DC29100425BE0 /* Info.plist */,
				4CBD8E63250DC29100425BE0 /* main.m */,
				4CBD8E6D250DC36D00425BE0 /* shaderv.vsh */,
				4CBD8E6F250DC37700425BE0 /* shaderf.fsh */,
			);
			path = "Tutorial02-shader";
			sourceTree = "<group>";
		};
		4CBD8E6A250DC31800425BE0 /* Frameworks */ = {
			isa = PBXGroup;
			children = (
				4CBD8E6B250DC31800425BE0 /* GLKit.framework */,
			);
			name = Frameworks;
			sourceTree = "<group>";
		};
/* End PBXGroup section */

/* Begin PBXNativeTarget section */
		4CBD8E4D250DC28D00425BE0 /* Tutorial02-shader */ = {
			isa = PBXNativeTarget;
			buildConfigurationList = 4CBD8E67250DC29100425BE0 /* Build configuration list for PBXNativeTarget "Tutorial02-shader" */;
			buildPhases = (
				4CBD8E4A250DC28D00425BE0 /* Sources */,
				4CBD8E4B250DC28D00425BE0 /* Frameworks */,
				4CBD8E4C250DC28D00425BE0 /* Resources */,
			);
			buildRules = (
			);
			dependencies = (
			);
			name = "Tutorial02-shader";
			productName = "Tutorial02-shader";
			productReference = 4CBD8E4E250DC28D00425BE0 /* Tutorial02-shader.app */;
			productType = "com.apple.product-type.application";
		};
/* End PBXNativeTarget section */

/* Begin PBXProject section */
		4CBD8E46250DC28D00425BE0 /* Project object */ = {
			isa = PBXProject;
			attributes = {
				LastUpgradeCheck = 1170;
				ORGANIZATIONNAME = chris;
				TargetAttributes = {
					4CBD8E4D250DC28D00425BE0 = {
						CreatedOnToolsVersion = 11.7;
					};
				};
			};
			buildConfigurationList = 4CBD8E49250DC28D00425BE0 /* Build configuration list for PBXProject "Tutorial02-shader" */;
			compatibilityVersion = "Xcode 9.3";
			developmentRegion = en;
			hasScannedForEncodings = 0;
			knownRegions = (
				en,
				Base,
			);
			mainGroup = 4CBD8E45250DC28D00425BE0;
			productRefGroup = 4CBD8E4F250DC28D00425BE0 /* Products */;
			projectDirPath = "";
			projectRoot = "";
			targets = (
				4CBD8E4D250DC28D00425BE0 /* Tutorial02-shader */,
			);
		};
/* End PBXProject section */

/* Begin PBXResourcesBuildPhase section */
		4CBD8E4C250DC28D00425BE0 /* Resources */ = {
			isa = PBXResourcesBuildPhase;
			buildActionMask = 2147483647;
			files = (
				4CBD8E70250DC37700425BE0 /* shaderf.fsh in Resources */,
				4CBD8E61250DC29100425BE0 /* LaunchScreen.storyboard in Resources */,
				4CBD8E5E250DC29100425BE0 /* Assets.xcassets in Resources */,
				4CBD8E5C250DC28D00425BE0 /* Main.storyboard in Resources */,
				4CBD8E6E250DC36D00425BE0 /* shaderv.vsh in Resources */,
			);
			runOnlyForDeploymentPostprocessing = 0;
		};
/* End PBXResourcesBuildPhase section */

/* Begin PBXSourcesBuildPhase section */
		4CBD8E4A250DC28D00425BE0 /* Sources */ = {
			isa = PBXSourcesBuildPhase;
			buildActionMask = 2147483647;
			files = (
				4CBD8E59250DC28D00425BE0 /* ViewController.m in Sources */,
				4CBD8E53250DC28D00425BE0 /* AppDelegate.m in Sources */,
				4CBD8E64250DC29100425BE0 /* main.m in Sources */,
				4CBD8E73250DC47200425BE0 /* LearnView.m in Sources */,
				4CBD8E56250DC28D00425BE0 /* SceneDelegate.m in Sources */,
			);
			runOnlyForDeploymentPostprocessing = 0;
		};
/* End PBXSourcesBuildPhase section */

/* Begin PBXVariantGroup section */
		4CBD8E5A250DC28D00425BE0 /* Main.storyboard */ = {
			isa = PBXVariantGroup;
			children = (
				4CBD8E5B250DC28D00425BE0 /* Base */,
			);
			name = Main.storyboard;
			sourceTree = "<group>";
		};
		4CBD8E5F250DC29100425BE0 /* LaunchScreen.storyboard */ = {
			isa = PBXVariantGroup;
			children = (
				4CBD8E60250DC29100425BE0 /* Base */,
			);
			name = LaunchScreen.storyboard;
			sourceTree = "<group>";
		};
/* End PBXVariantGroup section */

/* Begin XCBuildConfiguration section */
		4CBD8E65250DC29100425BE0 /* Debug */ = {
			isa = XCBuildConfiguration;
			buildSettings = {
				ALWAYS_SEARCH_USER_PATHS = NO;
				CLANG_ANALYZER_NONNULL = YES;
				CLANG_ANALYZER_NUMBER_OBJECT_CONVERSION = YES_AGGRESSIVE;
				CLANG_CXX_LANGUAGE_STANDARD = "gnu++14";
				CLANG_CXX_LIBRARY = "libc++";
				CLANG_ENABLE_MODULES = YES;
				CLANG_ENABLE_OBJC_ARC = YES;
				CLANG_ENABLE_OBJC_WEAK = YES;
				CLANG_WARN_BLOCK_CAPTURE_AUTORELEASING = YES;
				CLANG_WARN_BOOL_CONVERSION = YES;
				CLANG_WARN_COMMA = YES;
				CLANG_WARN_CONSTANT_CONVERSION = YES;
				CLANG_WARN_DEPRECATED_OBJC_IMPLEMENTATIONS = YES;
				CLANG_WARN_DIRECT_OBJC_ISA_USAGE = YES_ERROR;
				CLANG_WARN_DOCUMENTATION_COMMENTS = YES;
				CLANG_WARN_EMPTY_BODY = YES;
				CLANG_WARN_ENUM_CONVERSION = YES;
				CLANG_WARN_INFINITE_RECURSION = YES;
				CLANG_WARN_INT_CONVERSION = YES;
				CLANG_WARN_NON_LITERAL_NULL_CONVERSION = YES;
				CLANG_WARN_OBJC_IMPLICIT_RETAIN_SELF = YES;
				CLANG_WARN_OBJC_LITERAL_CONVERSION = YES;
				CLANG_WARN_OBJC_ROOT_CLASS = YES_ERROR;
				CLANG_WARN_RANGE_LOOP_ANALYSIS = YES;
				CLANG_WARN_STRICT_PROTOTYPES = YES;
				CLANG_WARN_SUSPICIOUS_MOVE = YES;
				CLANG_WARN_UNGUARDED_AVAILABILITY = YES_AGGRESSIVE;
				CLANG_WARN_UNREACHABLE_CODE = YES;
				CLANG_WARN__DUPLICATE_METHOD_MATCH = YES;
				COPY_PHASE_STRIP = NO;
				DEBUG_INFORMATION_FORMAT = dwarf;
				ENABLE_STRICT_OBJC_MSGSEND = YES;
				ENABLE_TESTABILITY = YES;
				GCC_C_LANGUAGE_STANDARD = gnu11;
				GCC_DYNAMIC_NO_PIC = NO;
				GCC_NO_COMMON_BLOCKS = YES;
				GCC_OPTIMIZATION_LEVEL = 0;
				GCC_PREPROCESSOR_DEFINITIONS = (
					"DEBUG=1",
					"$(inherited)",
				);
				GCC_WARN_64_TO_32_BIT_CONVERSION = YES;
				GCC_WARN_ABOUT_RETURN_TYPE = YES_ERROR;
				GCC_WARN_UNDECLARED_SELECTOR = YES;
				GCC_WARN_UNINITIALIZED_AUTOS = YES_AGGRESSIVE;
				GCC_WARN_UNUSED_FUNCTION = YES;
				GCC_WARN_UNUSED_VARIABLE = YES;
				IPHONEOS_DEPLOYMENT_TARGET = 13.7;
				MTL_ENABLE_DEBUG_INFO = INCLUDE_SOURCE;
				MTL_FAST_MATH = YES;
				ONLY_ACTIVE_ARCH = YES;
				SDKROOT = iphoneos;
			};
			name = Debug;
		};
		4CBD8E66250DC29100425BE0 /* Release */ = {
			isa = XCBuildConfiguration;
			buildSettings = {
				ALWAYS_SEARCH_USER_PATHS = NO;
				CLANG_ANALYZER_NONNULL = YES;
				CLANG_ANALYZER_NUMBER_OBJECT_CONVERSION = YES_AGGRESSIVE;
				CLANG_CXX_LANGUAGE_STANDARD = "gnu++14";
				CLANG_CXX_LIBRARY = "libc++";
				CLANG_ENABLE_MODULES = YES;
				CLANG_ENABLE_OBJC_ARC = YES;
				CLANG_ENABLE_OBJC_WEAK = YES;
				CLANG_WARN_BLOCK_CAPTURE_AUTORELEASING = YES;
				CLANG_WARN_BOOL_CONVERSION = YES;
				CLANG_WARN_COMMA = YES;
				CLANG_WARN_CONSTANT_CONVERSION = YES;
				CLANG_WARN_DEPRECATED_OBJC_IMPLEMENTATIONS = YES;
				CLANG_WARN_DIRECT_OBJC_ISA_USAGE = YES_ERROR;
				CLANG_WARN_DOCUMENTATION_COMMENTS = YES;
				CLANG_WARN_EMPTY_BODY = YES;
				CLANG_WARN_ENUM_CONVERSION = YES;
				CLANG_WARN_INFINITE_RECURSION = YES;
				CLANG_WARN_INT_CONVERSION = YES;
				CLANG_WARN_NON_LITERAL_NULL_CONVERSION = YES;
				CLANG_WARN_OBJC_IMPLICIT_RETAIN_SELF = YES;
				CLANG_WARN_OBJC_LITERAL_CONVERSION = YES;
				CLANG_WARN_OBJC_ROOT_CLASS = YES_ERROR;
				CLANG_WARN_RANGE_LOOP_ANALYSIS = YES;
				CLANG_WARN_STRICT_PROTOTYPES = YES;
				CLANG_WARN_SUSPICIOUS_MOVE = YES;
				CLANG_WARN_UNGUARDED_AVAILABILITY = YES_AGGRESSIVE;
				CLANG_WARN_UNREACHABLE_CODE = YES;
				CLANG_WARN__DUPLICATE_METHOD_MATCH = YES;
				COPY_PHASE_STRIP = NO;
				DEBUG_INFORMATION_FORMAT = "dwarf-with-dsym";
				ENABLE_NS_ASSERTIONS = NO;
				ENABLE_STRICT_OBJC_MSGSEND = YES;
				GCC_C_LANGUAGE_STANDARD = gnu11;
				GCC_NO_COMMON_BLOCKS = YES;
				GCC_WARN_64_TO_32_BIT_CONVERSION = YES;
				GCC_WARN_ABOUT_RETURN_TYPE = YES_ERROR;
				GCC_WARN_UNDECLARED_SELECTOR = YES;
				GCC_WARN_UNINITIALIZED_AUTOS = YES_AGGRESSIVE;
				GCC_WARN_UNUSED_FUNCTION = YES;
				GCC_WARN_UNUSED_VARIABLE = YES;
				IPHONEOS_DEPLOYMENT_TARGET = 13.7;
				MTL_ENABLE_DEBUG_INFO = NO;
				MTL_FAST_MATH = YES;
				SDKROOT = iphoneos;
				VALIDATE_PRODUCT = YES;
			};
			name = Release;
		};
		4CBD8E68250DC29100425BE0 /* Debug */ = {
			isa = XCBuildConfiguration;
			buildSettings = {
				ASSETCATALOG_COMPILER_APPICON_NAME = AppIcon;
				CODE_SIGN_STYLE = Automatic;
				INFOPLIST_FILE = "Tutorial02-shader/Info.plist";
				LD_RUNPATH_SEARCH_PATHS = (
					"$(inherited)",
					"@executable_path/Frameworks",
				);
				PRODUCT_BUNDLE_IDENTIFIER = "chris.Tutorial02-shader";
				PRODUCT_NAME = "$(TARGET_NAME)";
				TARGETED_DEVICE_FAMILY = "1,2";
			};
			name = Debug;
		};
		4CBD8E69250DC29100425BE0 /* Release */ = {
			isa = XCBuildConfiguration;
			buildSettings = {
				ASSETCATALOG_COMPILER_APPICON_NAME = AppIcon;
				CODE_SIGN_STYLE = Automatic;
				INFOPLIST_FILE = "Tutorial02-shader/Info.plist";
				LD_RUNPATH_SEARCH_PATHS = (
					"$(inherited)",
					"@executable_path/Frameworks",
				);
				PRODUCT_BUNDLE_IDENTIFIER = "chris.Tutorial02-shader";
				PRODUCT_NAME = "$(TARGET_NAME)";
				TARGETED_DEVICE_FAMILY = "1,2";
			};
			name = Release;
		};
/* End XCBuildConfiguration section */

/* Begin XCConfigurationList section */
		4CBD8E49250DC28D00425BE0 /* Build configuration list for PBXProject "Tutorial02-shader" */ = {
			isa = XCConfigurationList;
			buildConfigurations = (
				4CBD8E65250DC29100425BE0 /* Debug */,
				4CBD8E66250DC29100425BE0 /* Release */,
			);
			defaultConfigurationIsVisible = 0;
			defaultConfigurationName = Release;
		};
		4CBD8E67250DC29100425BE0 /* Build configuration list for PBXNativeTarget "Tutorial02-shader" */ = {
			isa = XCConfigurationList;
			buildConfigurations = (
				4CBD8E68250DC29100425BE0 /* Debug */,
				4CBD8E69250DC29100425BE0 /* Release */,
			);
			defaultConfigurationIsVisible = 0;
			defaultConfigurationName = Release;
		};
/* End XCConfigurationList section */
	};
	rootObject = 4CBD8E46250DC28D00425BE0 /* Project object */;
}
